
Microsoft Visual Studio Solution File, Format Version 12.00
# Visual Studio 15
VisualStudioVersion = 15.0.28307.1267
MinimumVisualStudioVersion = 10.0.40219.1
Project("{FAE04EC0-301F-11D3-BF4B-00C04F79EFBC}") = "IntergalacticATM", "IntergalacticATM\IntergalacticATM.csproj", "{9EB62312-8FEA-4EA5-8D6C-26BDC1945DAB}"
EndProject
Global
	GlobalSection(SolutionConfigurationPlatforms) = preSolution
		Debug|Any CPU = Debug|Any CPU
		Release|Any CPU = Release|Any CPU
	EndGlobalSection
	GlobalSection(ProjectConfigurationPlatforms) = postSolution
		{9EB62312-8FEA-4EA5-8D6C-26BDC1945DAB}.Debug|Any CPU.ActiveCfg = Debug|Any CPU
		{9EB62312-8FEA-4EA5-8D6C-26BDC1945DAB}.Debug|Any CPU.Build.0 = Debug|Any CPU
		{9EB62312-8FEA-4EA5-8D6C-26BDC1945DAB}.Release|Any CPU.ActiveCfg = Release|Any CPU
		{9EB62312-8FEA-4EA5-8D6C-26BDC1945DAB}.Release|Any CPU.Build.0 = Release|Any CPU
	EndGlobalSection
	GlobalSection(SolutionProperties) = preSolution
		HideSolutionNode = FALSE
	EndGlobalSection
	GlobalSection(ExtensibilityGlobals) = postSolution
		SolutionGuid = {0920D8E8-0854-4B2B-8115-93CBF1BDC1C0}
	EndGlobalSection
EndGlobal
